{
  "originHash" : "18a93183543337b4fdf5d21c6d877c06fcd8037e4a2901ce33dab47d2007a529",
  "pins" : [
    {
      "identity" : "lottie-ios",
      "kind" : "remoteSourceControl",
      "location" : "https://github.com/airbnb/lottie-ios",
      "state" : {
        "revision" : "769b88d83a42ca8d5572b020c96f47e3690b3796",
        "version" : "4.4.3"
      }
    },
    {
      "identity" : "zoomable",
      "kind" : "remoteSourceControl",
      "location" : "https://github.com/ryohey/Zoomable.git",
      "state" : {
        "branch" : "main",
        "revision" : "525c0e1784825261b84d21c5cd5a159245a40ea6"
      }
    }
  ],
  "version" : 3
}
